
Microsoft Visual Studio Solution File, Format Version 12.00
# Visual Studio Version 16
VisualStudioVersion = 16.0.29215.179
MinimumVisualStudioVersion = 10.0.40219.1
Project("{FAE04EC0-301F-11D3-BF4B-00C04F79EFBC}") = "RoundingApp", "src\RoundingApp\RoundingApp.csproj", "{FCF39DE1-F8F7-4C55-ADC9-54F63871CC06}"
EndProject
Project("{FAE04EC0-301F-11D3-BF4B-00C04F79EFBC}") = "RoundingAppTest", "src\RoundingAppTest\RoundingAppTest.csproj", "{D5B7E047-DE9A-4988-B786-BF37FBE6D7ED}"
EndProject
Global
	GlobalSection(SolutionConfigurationPlatforms) = preSolution
		Debug|Any CPU = Debug|Any CPU
		Release|Any CPU = Release|Any CPU
	EndGlobalSection
	GlobalSection(ProjectConfigurationPlatforms) = postSolution
		{FCF39DE1-F8F7-4C55-ADC9-54F63871CC06}.Debug|Any CPU.ActiveCfg = Debug|Any CPU
		{FCF39DE1-F8F7-4C55-ADC9-54F63871CC06}.Debug|Any CPU.Build.0 = Debug|Any CPU
		{FCF39DE1-F8F7-4C55-ADC9-54F63871CC06}.Release|Any CPU.ActiveCfg = Release|Any CPU
		{FCF39DE1-F8F7-4C55-ADC9-54F63871CC06}.Release|Any CPU.Build.0 = Release|Any CPU
		{D5B7E047-DE9A-4988-B786-BF37FBE6D7ED}.Debug|Any CPU.ActiveCfg = Debug|Any CPU
		{D5B7E047-DE9A-4988-B786-BF37FBE6D7ED}.Debug|Any CPU.Build.0 = Debug|Any CPU
		{D5B7E047-DE9A-4988-B786-BF37FBE6D7ED}.Release|Any CPU.ActiveCfg = Release|Any CPU
		{D5B7E047-DE9A-4988-B786-BF37FBE6D7ED}.Release|Any CPU.Build.0 = Release|Any CPU
	EndGlobalSection
	GlobalSection(SolutionProperties) = preSolution
		HideSolutionNode = FALSE
	EndGlobalSection
	GlobalSection(ExtensibilityGlobals) = postSolution
		SolutionGuid = {7F32C1EB-B8C2-4452-9FCF-A4D600905085}
	EndGlobalSection
EndGlobal
